
Microsoft Visual Studio Solution File, Format Version 12.00
# Visual Studio Version 16
VisualStudioVersion = 16.0.31515.178
MinimumVisualStudioVersion = 10.0.40219.1
Project("{FAE04EC0-301F-11D3-BF4B-00C04F79EFBC}") = "pa_calculando_area_trapezio", "pa_calculando_area_trapezio\pa_calculando_area_trapezio.csproj", "{0A8E17FD-505E-4C06-AD8A-D17DA70DEA4E}"
EndProject
Global
	GlobalSection(SolutionConfigurationPlatforms) = preSolution
		Debug|Any CPU = Debug|Any CPU
		Release|Any CPU = Release|Any CPU
	EndGlobalSection
	GlobalSection(ProjectConfigurationPlatforms) = postSolution
		{0A8E17FD-505E-4C06-AD8A-D17DA70DEA4E}.Debug|Any CPU.ActiveCfg = Debug|Any CPU
		{0A8E17FD-505E-4C06-AD8A-D17DA70DEA4E}.Debug|Any CPU.Build.0 = Debug|Any CPU
		{0A8E17FD-505E-4C06-AD8A-D17DA70DEA4E}.Release|Any CPU.ActiveCfg = Release|Any CPU
		{0A8E17FD-505E-4C06-AD8A-D17DA70DEA4E}.Release|Any CPU.Build.0 = Release|Any CPU
	EndGlobalSection
	GlobalSection(SolutionProperties) = preSolution
		HideSolutionNode = FALSE
	EndGlobalSection
	GlobalSection(ExtensibilityGlobals) = postSolution
		SolutionGuid = {BB506176-DE6A-4F2F-8665-DA44314027FA}
	EndGlobalSection
EndGlobal
